
Microsoft Visual Studio Solution File, Format Version 12.00
# Visual Studio Version 17
VisualStudioVersion = 17.11.35327.3
MinimumVisualStudioVersion = 10.0.40219.1
Project("{FAE04EC0-301F-11D3-BF4B-00C04F79EFBC}") = "FinalTuermeVonHanoi", "FinalTuermeVonHanoi\FinalTuermeVonHanoi.csproj", "{52A1F7C6-5F6B-4CB1-8A40-E4961378C626}"
EndProject
Global
	GlobalSection(SolutionConfigurationPlatforms) = preSolution
		Debug|Any CPU = Debug|Any CPU
		Release|Any CPU = Release|Any CPU
	EndGlobalSection
	GlobalSection(ProjectConfigurationPlatforms) = postSolution
		{52A1F7C6-5F6B-4CB1-8A40-E4961378C626}.Debug|Any CPU.ActiveCfg = Debug|Any CPU
		{52A1F7C6-5F6B-4CB1-8A40-E4961378C626}.Debug|Any CPU.Build.0 = Debug|Any CPU
		{52A1F7C6-5F6B-4CB1-8A40-E4961378C626}.Release|Any CPU.ActiveCfg = Release|Any CPU
		{52A1F7C6-5F6B-4CB1-8A40-E4961378C626}.Release|Any CPU.Build.0 = Release|Any CPU
	EndGlobalSection
	GlobalSection(SolutionProperties) = preSolution
		HideSolutionNode = FALSE
	EndGlobalSection
	GlobalSection(ExtensibilityGlobals) = postSolution
		SolutionGuid = {D40F8B85-489E-48CC-B0C6-2517D16F8849}
	EndGlobalSection
EndGlobal
